
Microsoft Visual Studio Solution File, Format Version 12.00
# Visual Studio Version 17
VisualStudioVersion = 17.3.32901.215
MinimumVisualStudioVersion = 10.0.40219.1
Project("{FAE04EC0-301F-11D3-BF4B-00C04F79EFBC}") = "Project ICT", "Project ICT.csproj", "{39ADA4B6-F1E2-48F4-ACE6-715159F8DB51}"
EndProject
Global
	GlobalSection(SolutionConfigurationPlatforms) = preSolution
		Debug|Any CPU = Debug|Any CPU
		Release|Any CPU = Release|Any CPU
	EndGlobalSection
	GlobalSection(ProjectConfigurationPlatforms) = postSolution
		{39ADA4B6-F1E2-48F4-ACE6-715159F8DB51}.Debug|Any CPU.ActiveCfg = Debug|Any CPU
		{39ADA4B6-F1E2-48F4-ACE6-715159F8DB51}.Debug|Any CPU.Build.0 = Debug|Any CPU
		{39ADA4B6-F1E2-48F4-ACE6-715159F8DB51}.Release|Any CPU.ActiveCfg = Release|Any CPU
		{39ADA4B6-F1E2-48F4-ACE6-715159F8DB51}.Release|Any CPU.Build.0 = Release|Any CPU
	EndGlobalSection
	GlobalSection(SolutionProperties) = preSolution
		HideSolutionNode = FALSE
	EndGlobalSection
	GlobalSection(ExtensibilityGlobals) = postSolution
		SolutionGuid = {500DF656-D386-4C47-9C2E-C46FEB730B31}
	EndGlobalSection
EndGlobal
